
Microsoft Visual Studio Solution File, Format Version 9.00
# Visual Studio 2005
Project("{8BC9CEB8-8B4A-11D0-8D11-00A0C91BC942}") = "regedt33", "regedt33.vcproj", "{152611A8-0982-4CD0-A6AD-B808B082145B}"
EndProject
Global
	GlobalSection(SolutionConfigurationPlatforms) = preSolution
		Debug|Beckhoff_HMI_600 (ARMV4I) = Debug|Beckhoff_HMI_600 (ARMV4I)
		Debug|Beckhoff_HMI_600 (x86) = Debug|Beckhoff_HMI_600 (x86)
		Release|Beckhoff_HMI_600 (ARMV4I) = Release|Beckhoff_HMI_600 (ARMV4I)
		Release|Beckhoff_HMI_600 (x86) = Release|Beckhoff_HMI_600 (x86)
	EndGlobalSection
	GlobalSection(ProjectConfigurationPlatforms) = postSolution
		{152611A8-0982-4CD0-A6AD-B808B082145B}.Debug|Beckhoff_HMI_600 (ARMV4I).ActiveCfg = Debug|Beckhoff_HMI_600 (ARMV4I)
		{152611A8-0982-4CD0-A6AD-B808B082145B}.Debug|Beckhoff_HMI_600 (ARMV4I).Build.0 = Debug|Beckhoff_HMI_600 (ARMV4I)
		{152611A8-0982-4CD0-A6AD-B808B082145B}.Debug|Beckhoff_HMI_600 (ARMV4I).Deploy.0 = Debug|Beckhoff_HMI_600 (ARMV4I)
		{152611A8-0982-4CD0-A6AD-B808B082145B}.Debug|Beckhoff_HMI_600 (x86).ActiveCfg = Debug|Beckhoff_HMI_600 (x86)
		{152611A8-0982-4CD0-A6AD-B808B082145B}.Debug|Beckhoff_HMI_600 (x86).Build.0 = Debug|Beckhoff_HMI_600 (x86)
		{152611A8-0982-4CD0-A6AD-B808B082145B}.Debug|Beckhoff_HMI_600 (x86).Deploy.0 = Debug|Beckhoff_HMI_600 (x86)
		{152611A8-0982-4CD0-A6AD-B808B082145B}.Release|Beckhoff_HMI_600 (ARMV4I).ActiveCfg = Release|Beckhoff_HMI_600 (ARMV4I)
		{152611A8-0982-4CD0-A6AD-B808B082145B}.Release|Beckhoff_HMI_600 (ARMV4I).Build.0 = Release|Beckhoff_HMI_600 (ARMV4I)
		{152611A8-0982-4CD0-A6AD-B808B082145B}.Release|Beckhoff_HMI_600 (ARMV4I).Deploy.0 = Release|Beckhoff_HMI_600 (ARMV4I)
		{152611A8-0982-4CD0-A6AD-B808B082145B}.Release|Beckhoff_HMI_600 (x86).ActiveCfg = Release|Beckhoff_HMI_600 (x86)
		{152611A8-0982-4CD0-A6AD-B808B082145B}.Release|Beckhoff_HMI_600 (x86).Build.0 = Release|Beckhoff_HMI_600 (x86)
		{152611A8-0982-4CD0-A6AD-B808B082145B}.Release|Beckhoff_HMI_600 (x86).Deploy.0 = Release|Beckhoff_HMI_600 (x86)
	EndGlobalSection
	GlobalSection(SolutionProperties) = preSolution
		HideSolutionNode = FALSE
	EndGlobalSection
EndGlobal
